// !$*UTF8*$!
{
	archiveVersion = 1;
	classes = {
	};
	objectVersion = 50;
	objects = {

/* Begin PBXBuildFile section */
		00EDB728225B48440001AE6B /* AppDelegate.m in Sources */ = {isa = PBXBuildFile; fileRef = 00EDB727225B48440001AE6B /* AppDelegate.m */; };
		00EDB72B225B48440001AE6B /* TableViewController.m in Sources */ = {isa = PBXBuildFile; fileRef = 00EDB72A225B48440001AE6B /* TableViewController.m */; };
		00EDB72E225B48440001AE6B /* Main.storyboard in Resources */ = {isa = PBXBuildFile; fileRef = 00EDB72C225B48440001AE6B /* Main.storyboard */; };
		00EDB730225B48460001AE6B /* Assets.xcassets in Resources */ = {isa = PBXBuildFile; fileRef = 00EDB72F225B48460001AE6B /* Assets.xcassets */; };
		00EDB733225B48460001AE6B /* LaunchScreen.storyboard in Resources */ = {isa = PBXBuildFile; fileRef = 00EDB731225B48460001AE6B /* LaunchScreen.storyboard */; };
		00EDB736225B48460001AE6B /* main.m in Sources */ = {isa = PBXBuildFile; fileRef = 00EDB735225B48460001AE6B /* main.m */; };
		00EDB740225B48460001AE6B /* DemoBMTests.m in Sources */ = {isa = PBXBuildFile; fileRef = 00EDB73F225B48460001AE6B /* DemoBMTests.m */; };
		00EDB751225B931B0001AE6B /* CustomCell.m in Sources */ = {isa = PBXBuildFile; fileRef = 00EDB74F225B931B0001AE6B /* CustomCell.m */; };
		00EDB752225B931B0001AE6B /* CustomCell.xib in Resources */ = {isa = PBXBuildFile; fileRef = 00EDB750225B931B0001AE6B /* CustomCell.xib */; };
		00EDB755225C7B000001AE6B /* News.m in Sources */ = {isa = PBXBuildFile; fileRef = 00EDB754225C7B000001AE6B /* News.m */; };
		00EDB75B225CBB4E0001AE6B /* DataSource.m in Sources */ = {isa = PBXBuildFile; fileRef = 00EDB75A225CBB4E0001AE6B /* DataSource.m */; };
		00EDB763225CD1D60001AE6B /* FormatTime.m in Sources */ = {isa = PBXBuildFile; fileRef = 00EDB762225CD1D60001AE6B /* FormatTime.m */; };
		00EDB768225CD6080001AE6B /* CollectionViewController.m in Sources */ = {isa = PBXBuildFile; fileRef = 00EDB767225CD6080001AE6B /* CollectionViewController.m */; };
		00EDB770225CD6D10001AE6B /* CollectionViewCell.m in Sources */ = {isa = PBXBuildFile; fileRef = 00EDB76E225CD6D10001AE6B /* CollectionViewCell.m */; };
		00EDB771225CD6D10001AE6B /* CollectionViewCell.xib in Resources */ = {isa = PBXBuildFile; fileRef = 00EDB76F225CD6D10001AE6B /* CollectionViewCell.xib */; };
		00EDB783226498110001AE6B /* FBNewsCell.m in Sources */ = {isa = PBXBuildFile; fileRef = 00EDB781226498110001AE6B /* FBNewsCell.m */; };
		00EDB784226498110001AE6B /* FBNewsCell.xib in Resources */ = {isa = PBXBuildFile; fileRef = 00EDB782226498110001AE6B /* FBNewsCell.xib */; };
		00EDB78722649E530001AE6B /* Constant.m in Sources */ = {isa = PBXBuildFile; fileRef = 00EDB78622649E530001AE6B /* Constant.m */; };
		1804729022671B8A00A47C51 /* PhotoFourView.xib in Resources */ = {isa = PBXBuildFile; fileRef = 1804728F22671B8A00A47C51 /* PhotoFourView.xib */; };
		1804729322671B9600A47C51 /* PhotoFourView.m in Sources */ = {isa = PBXBuildFile; fileRef = 1804729222671B9600A47C51 /* PhotoFourView.m */; };
		18047298226733F300A47C51 /* FeedFourImageNewsCell.m in Sources */ = {isa = PBXBuildFile; fileRef = 18047296226733F300A47C51 /* FeedFourImageNewsCell.m */; };
		18047299226733F300A47C51 /* FeedFourImageNewsCell.xib in Resources */ = {isa = PBXBuildFile; fileRef = 18047297226733F300A47C51 /* FeedFourImageNewsCell.xib */; };
		1804729C22674B0D00A47C51 /* ArticleView.xib in Resources */ = {isa = PBXBuildFile; fileRef = 1804729B22674B0D00A47C51 /* ArticleView.xib */; };
		1804729F22674B2C00A47C51 /* ArticleView.m in Sources */ = {isa = PBXBuildFile; fileRef = 1804729E22674B2C00A47C51 /* ArticleView.m */; };
		180472A42268153D00A47C51 /* FeedArticleNewsCell.m in Sources */ = {isa = PBXBuildFile; fileRef = 180472A22268153D00A47C51 /* FeedArticleNewsCell.m */; };
		180472A52268153D00A47C51 /* FeedArticleNewsCell.xib in Resources */ = {isa = PBXBuildFile; fileRef = 180472A32268153D00A47C51 /* FeedArticleNewsCell.xib */; };
		180472A822682A8100A47C51 /* AppView.m in Sources */ = {isa = PBXBuildFile; fileRef = 180472A722682A8100A47C51 /* AppView.m */; };
		180472AB2268344A00A47C51 /* PhotoDoubleView.xib in Resources */ = {isa = PBXBuildFile; fileRef = 180472AA2268344A00A47C51 /* PhotoDoubleView.xib */; };
		180472AE2268347100A47C51 /* PhotoDoubleView.m in Sources */ = {isa = PBXBuildFile; fileRef = 180472AD2268347100A47C51 /* PhotoDoubleView.m */; };
		180472B32268361500A47C51 /* FeedDoubleImageNewsCell.m in Sources */ = {isa = PBXBuildFile; fileRef = 180472B12268361500A47C51 /* FeedDoubleImageNewsCell.m */; };
		180472B42268361500A47C51 /* FeedDoubleImageNewsCell.xib in Resources */ = {isa = PBXBuildFile; fileRef = 180472B22268361500A47C51 /* FeedDoubleImageNewsCell.xib */; };
		180B7423225EDD6D00C4F858 /* HotNewsCell.m in Sources */ = {isa = PBXBuildFile; fileRef = 180B7421225EDD6D00C4F858 /* HotNewsCell.m */; };
		180B7424225EDD6D00C4F858 /* HotNewsCell.xib in Resources */ = {isa = PBXBuildFile; fileRef = 180B7422225EDD6D00C4F858 /* HotNewsCell.xib */; };
		180B7427225F20C900C4F858 /* NewsDetailViewController.m in Sources */ = {isa = PBXBuildFile; fileRef = 180B7426225F20C900C4F858 /* NewsDetailViewController.m */; };
		18130C0C22602B4A00812E95 /* NewsDetailHeaderCell.m in Sources */ = {isa = PBXBuildFile; fileRef = 18130C0A22602B4A00812E95 /* NewsDetailHeaderCell.m */; };
		18130C0D22602B4A00812E95 /* NewsDetailHeaderCell.xib in Resources */ = {isa = PBXBuildFile; fileRef = 18130C0B22602B4A00812E95 /* NewsDetailHeaderCell.xib */; };
		18130C122260319600812E95 /* FormatString.m in Sources */ = {isa = PBXBuildFile; fileRef = 18130C112260319600812E95 /* FormatString.m */; };
		18130C172260437000812E95 /* NewsDetailPublisherCell.m in Sources */ = {isa = PBXBuildFile; fileRef = 18130C152260437000812E95 /* NewsDetailPublisherCell.m */; };
		18130C182260437000812E95 /* NewsDetailPublisherCell.xib in Resources */ = {isa = PBXBuildFile; fileRef = 18130C162260437000812E95 /* NewsDetailPublisherCell.xib */; };
		18130C1D2260479500812E95 /* NewsDetailDescriptionCell.m in Sources */ = {isa = PBXBuildFile; fileRef = 18130C1B2260479500812E95 /* NewsDetailDescriptionCell.m */; };
		18130C1E2260479500812E95 /* NewsDetailDescriptionCell.xib in Resources */ = {isa = PBXBuildFile; fileRef = 18130C1C2260479500812E95 /* NewsDetailDescriptionCell.xib */; };
		18130C2622604C7000812E95 /* NewsDetailThumbnailCell.m in Sources */ = {isa = PBXBuildFile; fileRef = 18130C2422604C7000812E95 /* NewsDetailThumbnailCell.m */; };
		18130C2722604C7000812E95 /* NewsDetailThumbnailCell.xib in Resources */ = {isa = PBXBuildFile; fileRef = 18130C2522604C7000812E95 /* NewsDetailThumbnailCell.xib */; };
		18130C2C22604F0B00812E95 /* NewsDetailContentCell.m in Sources */ = {isa = PBXBuildFile; fileRef = 18130C2A22604F0B00812E95 /* NewsDetailContentCell.m */; };
		18130C2D22604F0B00812E95 /* NewsDetailContentCell.xib in Resources */ = {isa = PBXBuildFile; fileRef = 18130C2B22604F0B00812E95 /* NewsDetailContentCell.xib */; };
		18130C30226086A400812E95 /* Body.m in Sources */ = {isa = PBXBuildFile; fileRef = 18130C2F226086A400812E95 /* Body.m */; };
		18130C3A22608C3100812E95 /* BodyTextCell.m in Sources */ = {isa = PBXBuildFile; fileRef = 18130C3822608C3100812E95 /* BodyTextCell.m */; };
		18130C3B22608C3100812E95 /* BodyTextCell.xib in Resources */ = {isa = PBXBuildFile; fileRef = 18130C3922608C3100812E95 /* BodyTextCell.xib */; };
		18130C3F22608C4200812E95 /* BodyImageCell.m in Sources */ = {isa = PBXBuildFile; fileRef = 18130C3D22608C4200812E95 /* BodyImageCell.m */; };
		18130C4022608C4200812E95 /* BodyImageCell.xib in Resources */ = {isa = PBXBuildFile; fileRef = 18130C3E22608C4200812E95 /* BodyImageCell.xib */; };
		18D66F03226577EC00CE3F67 /* Theme.m in Sources */ = {isa = PBXBuildFile; fileRef = 18D66F02226577EC00CE3F67 /* Theme.m */; };
		18D66F0622657E5300CE3F67 /* AppLabel.m in Sources */ = {isa = PBXBuildFile; fileRef = 18D66F0522657E5300CE3F67 /* AppLabel.m */; };
		18D66F092265808E00CE3F67 /* AppSubLabel.m in Sources */ = {isa = PBXBuildFile; fileRef = 18D66F082265808E00CE3F67 /* AppSubLabel.m */; };
		18E72B1A225DDFCB00500D01 /* TableMultiImageCell.m in Sources */ = {isa = PBXBuildFile; fileRef = 18E72B18225DDFCB00500D01 /* TableMultiImageCell.m */; };
		18E72B1B225DDFCB00500D01 /* TableMultiImageCell.xib in Resources */ = {isa = PBXBuildFile; fileRef = 18E72B19225DDFCB00500D01 /* TableMultiImageCell.xib */; };
		18E72B1E225DFE1800500D01 /* Image.m in Sources */ = {isa = PBXBuildFile; fileRef = 18E72B1D225DFE1800500D01 /* Image.m */; };
		18FE18B52266C9F9005210AF /* ListNewsViewController.m in Sources */ = {isa = PBXBuildFile; fileRef = 18FE18B42266C9F9005210AF /* ListNewsViewController.m */; };
		18FE18BC2266CD89005210AF /* HeaderPublisherView.xib in Resources */ = {isa = PBXBuildFile; fileRef = 18FE18BB2266CD89005210AF /* HeaderPublisherView.xib */; };
		18FE18BF2266CDA3005210AF /* HeaderPublisherView.m in Sources */ = {isa = PBXBuildFile; fileRef = 18FE18BE2266CDA3005210AF /* HeaderPublisherView.m */; };
		18FE18C52266D634005210AF /* TitleDescriptionView.m in Sources */ = {isa = PBXBuildFile; fileRef = 18FE18C42266D634005210AF /* TitleDescriptionView.m */; };
		18FE18C72266D70C005210AF /* TitleDescriptionView.xib in Resources */ = {isa = PBXBuildFile; fileRef = 18FE18C62266D70C005210AF /* TitleDescriptionView.xib */; };
		18FE18CA2266DE2F005210AF /* PhotoSingleView.xib in Resources */ = {isa = PBXBuildFile; fileRef = 18FE18C92266DE2F005210AF /* PhotoSingleView.xib */; };
		18FE18CD2266DE3B005210AF /* PhotoSingleView.m in Sources */ = {isa = PBXBuildFile; fileRef = 18FE18CC2266DE3B005210AF /* PhotoSingleView.m */; };
		18FE18D22266DF74005210AF /* FeedSingleImageNewsCell.m in Sources */ = {isa = PBXBuildFile; fileRef = 18FE18D02266DF74005210AF /* FeedSingleImageNewsCell.m */; };
		18FE18D32266DF74005210AF /* FeedSingleImageNewsCell.xib in Resources */ = {isa = PBXBuildFile; fileRef = 18FE18D12266DF74005210AF /* FeedSingleImageNewsCell.xib */; };
		18FE18D722671377005210AF /* FooterNewsView.m in Sources */ = {isa = PBXBuildFile; fileRef = 18FE18D622671377005210AF /* FooterNewsView.m */; };
		18FE18D92267137E005210AF /* FooterNewsView.xib in Resources */ = {isa = PBXBuildFile; fileRef = 18FE18D82267137E005210AF /* FooterNewsView.xib */; };
		18FE25A52265CF890089D370 /* UILabel+common.m in Sources */ = {isa = PBXBuildFile; fileRef = 18FE25A42265CF890089D370 /* UILabel+common.m */; };
/* End PBXBuildFile section */

/* Begin PBXContainerItemProxy section */
		00EDB73C225B48460001AE6B /* PBXContainerItemProxy */ = {
			isa = PBXContainerItemProxy;
			containerPortal = 00EDB71B225B48440001AE6B /* Project object */;
			proxyType = 1;
			remoteGlobalIDString = 00EDB722225B48440001AE6B;
			remoteInfo = DemoBM;
		};
/* End PBXContainerItemProxy section */

/* Begin PBXFileReference section */
		00EDB723225B48440001AE6B /* DemoBM.app */ = {isa = PBXFileReference; explicitFileType = wrapper.application; includeInIndex = 0; path = DemoBM.app; sourceTree = BUILT_PRODUCTS_DIR; };
		00EDB726225B48440001AE6B /* AppDelegate.h */ = {isa = PBXFileReference; lastKnownFileType = sourcecode.c.h; path = AppDelegate.h; sourceTree = "<group>"; };
		00EDB727225B48440001AE6B /* AppDelegate.m */ = {isa = PBXFileReference; lastKnownFileType = sourcecode.c.objc; path = AppDelegate.m; sourceTree = "<group>"; };
		00EDB729225B48440001AE6B /* TableViewController.h */ = {isa = PBXFileReference; lastKnownFileType = sourcecode.c.h; path = TableViewController.h; sourceTree = "<group>"; };
		00EDB72A225B48440001AE6B /* TableViewController.m */ = {isa = PBXFileReference; lastKnownFileType = sourcecode.c.objc; path = TableViewController.m; sourceTree = "<group>"; };
		00EDB72D225B48440001AE6B /* Base */ = {isa = PBXFileReference; lastKnownFileType = file.storyboard; name = Base; path = Base.lproj/Main.storyboard; sourceTree = "<group>"; };
		00EDB72F225B48460001AE6B /* Assets.xcassets */ = {isa = PBXFileReference; lastKnownFileType = folder.assetcatalog; path = Assets.xcassets; sourceTree = "<group>"; };
		00EDB732225B48460001AE6B /* Base */ = {isa = PBXFileReference; lastKnownFileType = file.storyboard; name = Base; path = Base.lproj/LaunchScreen.storyboard; sourceTree = "<group>"; };
		00EDB734225B48460001AE6B /* Info.plist */ = {isa = PBXFileReference; lastKnownFileType = text.plist.xml; path = Info.plist; sourceTree = "<group>"; };
		00EDB735225B48460001AE6B /* main.m */ = {isa = PBXFileReference; lastKnownFileType = sourcecode.c.objc; path = main.m; sourceTree = "<group>"; };
		00EDB73B225B48460001AE6B /* DemoBMTests.xctest */ = {isa = PBXFileReference; explicitFileType = wrapper.cfbundle; includeInIndex = 0; path = DemoBMTests.xctest; sourceTree = BUILT_PRODUCTS_DIR; };
		00EDB73F225B48460001AE6B /* DemoBMTests.m */ = {isa = PBXFileReference; lastKnownFileType = sourcecode.c.objc; path = DemoBMTests.m; sourceTree = "<group>"; };
		00EDB741225B48460001AE6B /* Info.plist */ = {isa = PBXFileReference; lastKnownFileType = text.plist.xml; path = Info.plist; sourceTree = "<group>"; };
		00EDB74E225B931B0001AE6B /* CustomCell.h */ = {isa = PBXFileReference; lastKnownFileType = sourcecode.c.h; path = CustomCell.h; sourceTree = "<group>"; };
		00EDB74F225B931B0001AE6B /* CustomCell.m */ = {isa = PBXFileReference; lastKnownFileType = sourcecode.c.objc; path = CustomCell.m; sourceTree = "<group>"; };
		00EDB750225B931B0001AE6B /* CustomCell.xib */ = {isa = PBXFileReference; lastKnownFileType = file.xib; path = CustomCell.xib; sourceTree = "<group>"; };
		00EDB753225C7B000001AE6B /* News.h */ = {isa = PBXFileReference; lastKnownFileType = sourcecode.c.h; path = News.h; sourceTree = "<group>"; };
		00EDB754225C7B000001AE6B /* News.m */ = {isa = PBXFileReference; lastKnownFileType = sourcecode.c.objc; path = News.m; sourceTree = "<group>"; };
		00EDB759225CBB4E0001AE6B /* DataSource.h */ = {isa = PBXFileReference; lastKnownFileType = sourcecode.c.h; path = DataSource.h; sourceTree = "<group>"; };
		00EDB75A225CBB4E0001AE6B /* DataSource.m */ = {isa = PBXFileReference; lastKnownFileType = sourcecode.c.objc; path = DataSource.m; sourceTree = "<group>"; };
		00EDB761225CD1D60001AE6B /* FormatTime.h */ = {isa = PBXFileReference; lastKnownFileType = sourcecode.c.h; path = FormatTime.h; sourceTree = "<group>"; };
		00EDB762225CD1D60001AE6B /* FormatTime.m */ = {isa = PBXFileReference; lastKnownFileType = sourcecode.c.objc; path = FormatTime.m; sourceTree = "<group>"; };
		00EDB766225CD6080001AE6B /* CollectionViewController.h */ = {isa = PBXFileReference; lastKnownFileType = sourcecode.c.h; path = CollectionViewController.h; sourceTree = "<group>"; };
		00EDB767225CD6080001AE6B /* CollectionViewController.m */ = {isa = PBXFileReference; lastKnownFileType = sourcecode.c.objc; path = CollectionViewController.m; sourceTree = "<group>"; };
		00EDB76D225CD6D10001AE6B /* CollectionViewCell.h */ = {isa = PBXFileReference; lastKnownFileType = sourcecode.c.h; path = CollectionViewCell.h; sourceTree = "<group>"; };
		00EDB76E225CD6D10001AE6B /* CollectionViewCell.m */ = {isa = PBXFileReference; lastKnownFileType = sourcecode.c.objc; path = CollectionViewCell.m; sourceTree = "<group>"; };
		00EDB76F225CD6D10001AE6B /* CollectionViewCell.xib */ = {isa = PBXFileReference; lastKnownFileType = file.xib; path = CollectionViewCell.xib; sourceTree = "<group>"; };
		00EDB780226498110001AE6B /* FBNewsCell.h */ = {isa = PBXFileReference; lastKnownFileType = sourcecode.c.h; path = FBNewsCell.h; sourceTree = "<group>"; };
		00EDB781226498110001AE6B /* FBNewsCell.m */ = {isa = PBXFileReference; lastKnownFileType = sourcecode.c.objc; path = FBNewsCell.m; sourceTree = "<group>"; };
		00EDB782226498110001AE6B /* FBNewsCell.xib */ = {isa = PBXFileReference; lastKnownFileType = file.xib; path = FBNewsCell.xib; sourceTree = "<group>"; };
		00EDB78522649E530001AE6B /* Constant.h */ = {isa = PBXFileReference; lastKnownFileType = sourcecode.c.h; path = Constant.h; sourceTree = "<group>"; };
		00EDB78622649E530001AE6B /* Constant.m */ = {isa = PBXFileReference; lastKnownFileType = sourcecode.c.objc; path = Constant.m; sourceTree = "<group>"; };
		1804728F22671B8A00A47C51 /* PhotoFourView.xib */ = {isa = PBXFileReference; lastKnownFileType = file.xib; path = PhotoFourView.xib; sourceTree = "<group>"; };
		1804729122671B9600A47C51 /* PhotoFourView.h */ = {isa = PBXFileReference; lastKnownFileType = sourcecode.c.h; path = PhotoFourView.h; sourceTree = "<group>"; };
		1804729222671B9600A47C51 /* PhotoFourView.m */ = {isa = PBXFileReference; lastKnownFileType = sourcecode.c.objc; path = PhotoFourView.m; sourceTree = "<group>"; };
		18047295226733F300A47C51 /* FeedFourImageNewsCell.h */ = {isa = PBXFileReference; lastKnownFileType = sourcecode.c.h; path = FeedFourImageNewsCell.h; sourceTree = "<group>"; };
		18047296226733F300A47C51 /* FeedFourImageNewsCell.m */ = {isa = PBXFileReference; lastKnownFileType = sourcecode.c.objc; path = FeedFourImageNewsCell.m; sourceTree = "<group>"; };
		18047297226733F300A47C51 /* FeedFourImageNewsCell.xib */ = {isa = PBXFileReference; lastKnownFileType = file.xib; path = FeedFourImageNewsCell.xib; sourceTree = "<group>"; };
		1804729B22674B0D00A47C51 /* ArticleView.xib */ = {isa = PBXFileReference; lastKnownFileType = file.xib; path = ArticleView.xib; sourceTree = "<group>"; };
		1804729D22674B2C00A47C51 /* ArticleView.h */ = {isa = PBXFileReference; lastKnownFileType = sourcecode.c.h; path = ArticleView.h; sourceTree = "<group>"; };
		1804729E22674B2C00A47C51 /* ArticleView.m */ = {isa = PBXFileReference; lastKnownFileType = sourcecode.c.objc; path = ArticleView.m; sourceTree = "<group>"; };
		180472A12268153D00A47C51 /* FeedArticleNewsCell.h */ = {isa = PBXFileReference; lastKnownFileType = sourcecode.c.h; path = FeedArticleNewsCell.h; sourceTree = "<group>"; };
		180472A22268153D00A47C51 /* FeedArticleNewsCell.m */ = {isa = PBXFileReference; lastKnownFileType = sourcecode.c.objc; path = FeedArticleNewsCell.m; sourceTree = "<group>"; };
		180472A32268153D00A47C51 /* FeedArticleNewsCell.xib */ = {isa = PBXFileReference; lastKnownFileType = file.xib; path = FeedArticleNewsCell.xib; sourceTree = "<group>"; };
		180472A622682A8100A47C51 /* AppView.h */ = {isa = PBXFileReference; lastKnownFileType = sourcecode.c.h; path = AppView.h; sourceTree = "<group>"; };
		180472A722682A8100A47C51 /* AppView.m */ = {isa = PBXFileReference; lastKnownFileType = sourcecode.c.objc; path = AppView.m; sourceTree = "<group>"; };
		180472AA2268344A00A47C51 /* PhotoDoubleView.xib */ = {isa = PBXFileReference; lastKnownFileType = file.xib; path = PhotoDoubleView.xib; sourceTree = "<group>"; };
		180472AC2268347100A47C51 /* PhotoDoubleView.h */ = {isa = PBXFileReference; lastKnownFileType = sourcecode.c.h; path = PhotoDoubleView.h; sourceTree = "<group>"; };
		180472AD2268347100A47C51 /* PhotoDoubleView.m */ = {isa = PBXFileReference; lastKnownFileType = sourcecode.c.objc; path = PhotoDoubleView.m; sourceTree = "<group>"; };
		180472B02268361500A47C51 /* FeedDoubleImageNewsCell.h */ = {isa = PBXFileReference; lastKnownFileType = sourcecode.c.h; path = FeedDoubleImageNewsCell.h; sourceTree = "<group>"; };
		180472B12268361500A47C51 /* FeedDoubleImageNewsCell.m */ = {isa = PBXFileReference; lastKnownFileType = sourcecode.c.objc; path = FeedDoubleImageNewsCell.m; sourceTree = "<group>"; };
		180472B22268361500A47C51 /* FeedDoubleImageNewsCell.xib */ = {isa = PBXFileReference; lastKnownFileType = file.xib; path = FeedDoubleImageNewsCell.xib; sourceTree = "<group>"; };
		180B7420225EDD6D00C4F858 /* HotNewsCell.h */ = {isa = PBXFileReference; lastKnownFileType = sourcecode.c.h; path = HotNewsCell.h; sourceTree = "<group>"; };
		180B7421225EDD6D00C4F858 /* HotNewsCell.m */ = {isa = PBXFileReference; lastKnownFileType = sourcecode.c.objc; path = HotNewsCell.m; sourceTree = "<group>"; };
		180B7422225EDD6D00C4F858 /* HotNewsCell.xib */ = {isa = PBXFileReference; lastKnownFileType = file.xib; path = HotNewsCell.xib; sourceTree = "<group>"; };
		180B7425225F20C900C4F858 /* NewsDetailViewController.h */ = {isa = PBXFileReference; lastKnownFileType = sourcecode.c.h; path = NewsDetailViewController.h; sourceTree = "<group>"; };
		180B7426225F20C900C4F858 /* NewsDetailViewController.m */ = {isa = PBXFileReference; lastKnownFileType = sourcecode.c.objc; path = NewsDetailViewController.m; sourceTree = "<group>"; };
		18130C0922602B4A00812E95 /* NewsDetailHeaderCell.h */ = {isa = PBXFileReference; lastKnownFileType = sourcecode.c.h; path = NewsDetailHeaderCell.h; sourceTree = "<group>"; };
		18130C0A22602B4A00812E95 /* NewsDetailHeaderCell.m */ = {isa = PBXFileReference; lastKnownFileType = sourcecode.c.objc; path = NewsDetailHeaderCell.m; sourceTree = "<group>"; };
		18130C0B22602B4A00812E95 /* NewsDetailHeaderCell.xib */ = {isa = PBXFileReference; lastKnownFileType = file.xib; path = NewsDetailHeaderCell.xib; sourceTree = "<group>"; };
		18130C0E2260309E00812E95 /* FormatString.h */ = {isa = PBXFileReference; lastKnownFileType = sourcecode.c.h; path = FormatString.h; sourceTree = "<group>"; };
		18130C112260319600812E95 /* FormatString.m */ = {isa = PBXFileReference; fileEncoding = 4; lastKnownFileType = sourcecode.c.objc; path = FormatString.m; sourceTree = "<group>"; };
		18130C142260437000812E95 /* NewsDetailPublisherCell.h */ = {isa = PBXFileReference; lastKnownFileType = sourcecode.c.h; path = NewsDetailPublisherCell.h; sourceTree = "<group>"; };
		18130C152260437000812E95 /* NewsDetailPublisherCell.m */ = {isa = PBXFileReference; lastKnownFileType = sourcecode.c.objc; path = NewsDetailPublisherCell.m; sourceTree = "<group>"; };
		18130C162260437000812E95 /* NewsDetailPublisherCell.xib */ = {isa = PBXFileReference; lastKnownFileType = file.xib; path = NewsDetailPublisherCell.xib; sourceTree = "<group>"; };
		18130C1A2260479500812E95 /* NewsDetailDescriptionCell.h */ = {isa = PBXFileReference; lastKnownFileType = sourcecode.c.h; path = NewsDetailDescriptionCell.h; sourceTree = "<group>"; };
		18130C1B2260479500812E95 /* NewsDetailDescriptionCell.m */ = {isa = PBXFileReference; lastKnownFileType = sourcecode.c.objc; path = NewsDetailDescriptionCell.m; sourceTree = "<group>"; };
		18130C1C2260479500812E95 /* NewsDetailDescriptionCell.xib */ = {isa = PBXFileReference; lastKnownFileType = file.xib; path = NewsDetailDescriptionCell.xib; sourceTree = "<group>"; };
		18130C2322604C7000812E95 /* NewsDetailThumbnailCell.h */ = {isa = PBXFileReference; lastKnownFileType = sourcecode.c.h; path = NewsDetailThumbnailCell.h; sourceTree = "<group>"; };
		18130C2422604C7000812E95 /* NewsDetailThumbnailCell.m */ = {isa = PBXFileReference; lastKnownFileType = sourcecode.c.objc; path = NewsDetailThumbnailCell.m; sourceTree = "<group>"; };
		18130C2522604C7000812E95 /* NewsDetailThumbnailCell.xib */ = {isa = PBXFileReference; lastKnownFileType = file.xib; path = NewsDetailThumbnailCell.xib; sourceTree = "<group>"; };
		18130C2922604F0B00812E95 /* NewsDetailContentCell.h */ = {isa = PBXFileReference; lastKnownFileType = sourcecode.c.h; path = NewsDetailContentCell.h; sourceTree = "<group>"; };
		18130C2A22604F0B00812E95 /* NewsDetailContentCell.m */ = {isa = PBXFileReference; lastKnownFileType = sourcecode.c.objc; path = NewsDetailContentCell.m; sourceTree = "<group>"; };
		18130C2B22604F0B00812E95 /* NewsDetailContentCell.xib */ = {isa = PBXFileReference; lastKnownFileType = file.xib; path = NewsDetailContentCell.xib; sourceTree = "<group>"; };
		18130C2E226086A400812E95 /* Body.h */ = {isa = PBXFileReference; lastKnownFileType = sourcecode.c.h; path = Body.h; sourceTree = "<group>"; };
		18130C2F226086A400812E95 /* Body.m */ = {isa = PBXFileReference; lastKnownFileType = sourcecode.c.objc; path = Body.m; sourceTree = "<group>"; };
		18130C3722608C3100812E95 /* BodyTextCell.h */ = {isa = PBXFileReference; lastKnownFileType = sourcecode.c.h; path = BodyTextCell.h; sourceTree = "<group>"; };
		18130C3822608C3100812E95 /* BodyTextCell.m */ = {isa = PBXFileReference; lastKnownFileType = sourcecode.c.objc; path = BodyTextCell.m; sourceTree = "<group>"; };
		18130C3922608C3100812E95 /* BodyTextCell.xib */ = {isa = PBXFileReference; lastKnownFileType = file.xib; path = BodyTextCell.xib; sourceTree = "<group>"; };
		18130C3C22608C4200812E95 /* BodyImageCell.h */ = {isa = PBXFileReference; lastKnownFileType = sourcecode.c.h; path = BodyImageCell.h; sourceTree = "<group>"; };
		18130C3D22608C4200812E95 /* BodyImageCell.m */ = {isa = PBXFileReference; lastKnownFileType = sourcecode.c.objc; path = BodyImageCell.m; sourceTree = "<group>"; };
		18130C3E22608C4200812E95 /* BodyImageCell.xib */ = {isa = PBXFileReference; lastKnownFileType = file.xib; path = BodyImageCell.xib; sourceTree = "<group>"; };
		18D66F01226577EC00CE3F67 /* Theme.h */ = {isa = PBXFileReference; lastKnownFileType = sourcecode.c.h; path = Theme.h; sourceTree = "<group>"; };
		18D66F02226577EC00CE3F67 /* Theme.m */ = {isa = PBXFileReference; lastKnownFileType = sourcecode.c.objc; path = Theme.m; sourceTree = "<group>"; };
		18D66F0422657E5300CE3F67 /* AppLabel.h */ = {isa = PBXFileReference; lastKnownFileType = sourcecode.c.h; path = AppLabel.h; sourceTree = "<group>"; };
		18D66F0522657E5300CE3F67 /* AppLabel.m */ = {isa = PBXFileReference; lastKnownFileType = sourcecode.c.objc; path = AppLabel.m; sourceTree = "<group>"; };
		18D66F072265808E00CE3F67 /* AppSubLabel.h */ = {isa = PBXFileReference; lastKnownFileType = sourcecode.c.h; path = AppSubLabel.h; sourceTree = "<group>"; };
		18D66F082265808E00CE3F67 /* AppSubLabel.m */ = {isa = PBXFileReference; lastKnownFileType = sourcecode.c.objc; path = AppSubLabel.m; sourceTree = "<group>"; };
		18E72B17225DDFCB00500D01 /* TableMultiImageCell.h */ = {isa = PBXFileReference; lastKnownFileType = sourcecode.c.h; path = TableMultiImageCell.h; sourceTree = "<group>"; };
		18E72B18225DDFCB00500D01 /* TableMultiImageCell.m */ = {isa = PBXFileReference; lastKnownFileType = sourcecode.c.objc; path = TableMultiImageCell.m; sourceTree = "<group>"; };
		18E72B19225DDFCB00500D01 /* TableMultiImageCell.xib */ = {isa = PBXFileReference; lastKnownFileType = file.xib; path = TableMultiImageCell.xib; sourceTree = "<group>"; };
		18E72B1C225DFE1800500D01 /* Image.h */ = {isa = PBXFileReference; lastKnownFileType = sourcecode.c.h; path = Image.h; sourceTree = "<group>"; };
		18E72B1D225DFE1800500D01 /* Image.m */ = {isa = PBXFileReference; lastKnownFileType = sourcecode.c.objc; path = Image.m; sourceTree = "<group>"; };
		18FE18B32266C9F9005210AF /* ListNewsViewController.h */ = {isa = PBXFileReference; lastKnownFileType = sourcecode.c.h; path = ListNewsViewController.h; sourceTree = "<group>"; };
		18FE18B42266C9F9005210AF /* ListNewsViewController.m */ = {isa = PBXFileReference; lastKnownFileType = sourcecode.c.objc; path = ListNewsViewController.m; sourceTree = "<group>"; };
		18FE18BB2266CD89005210AF /* HeaderPublisherView.xib */ = {isa = PBXFileReference; lastKnownFileType = file.xib; path = HeaderPublisherView.xib; sourceTree = "<group>"; };
		18FE18BD2266CDA3005210AF /* HeaderPublisherView.h */ = {isa = PBXFileReference; lastKnownFileType = sourcecode.c.h; path = HeaderPublisherView.h; sourceTree = "<group>"; };
		18FE18BE2266CDA3005210AF /* HeaderPublisherView.m */ = {isa = PBXFileReference; lastKnownFileType = sourcecode.c.objc; path = HeaderPublisherView.m; sourceTree = "<group>"; };
		18FE18C32266D634005210AF /* TitleDescriptionView.h */ = {isa = PBXFileReference; lastKnownFileType = sourcecode.c.h; path = TitleDescriptionView.h; sourceTree = "<group>"; };
		18FE18C42266D634005210AF /* TitleDescriptionView.m */ = {isa = PBXFileReference; lastKnownFileType = sourcecode.c.objc; path = TitleDescriptionView.m; sourceTree = "<group>"; };
		18FE18C62266D70C005210AF /* TitleDescriptionView.xib */ = {isa = PBXFileReference; lastKnownFileType = file.xib; path = TitleDescriptionView.xib; sourceTree = "<group>"; };
		18FE18C92266DE2F005210AF /* PhotoSingleView.xib */ = {isa = PBXFileReference; lastKnownFileType = file.xib; path = PhotoSingleView.xib; sourceTree = "<group>"; };
		18FE18CB2266DE3B005210AF /* PhotoSingleView.h */ = {isa = PBXFileReference; lastKnownFileType = sourcecode.c.h; path = PhotoSingleView.h; sourceTree = "<group>"; };
		18FE18CC2266DE3B005210AF /* PhotoSingleView.m */ = {isa = PBXFileReference; lastKnownFileType = sourcecode.c.objc; path = PhotoSingleView.m; sourceTree = "<group>"; };
		18FE18CF2266DF74005210AF /* FeedSingleImageNewsCell.h */ = {isa = PBXFileReference; lastKnownFileType = sourcecode.c.h; path = FeedSingleImageNewsCell.h; sourceTree = "<group>"; };
		18FE18D02266DF74005210AF /* FeedSingleImageNewsCell.m */ = {isa = PBXFileReference; lastKnownFileType = sourcecode.c.objc; path = FeedSingleImageNewsCell.m; sourceTree = "<group>"; };
		18FE18D12266DF74005210AF /* FeedSingleImageNewsCell.xib */ = {isa = PBXFileReference; lastKnownFileType = file.xib; path = FeedSingleImageNewsCell.xib; sourceTree = "<group>"; };
		18FE18D522671377005210AF /* FooterNewsView.h */ = {isa = PBXFileReference; lastKnownFileType = sourcecode.c.h; path = FooterNewsView.h; sourceTree = "<group>"; };
		18FE18D622671377005210AF /* FooterNewsView.m */ = {isa = PBXFileReference; lastKnownFileType = sourcecode.c.objc; path = FooterNewsView.m; sourceTree = "<group>"; };
		18FE18D82267137E005210AF /* FooterNewsView.xib */ = {isa = PBXFileReference; lastKnownFileType = file.xib; path = FooterNewsView.xib; sourceTree = "<group>"; };
		18FE25A32265CF890089D370 /* UILabel+common.h */ = {isa = PBXFileReference; lastKnownFileType = sourcecode.c.h; path = "UILabel+common.h"; sourceTree = "<group>"; };
		18FE25A42265CF890089D370 /* UILabel+common.m */ = {isa = PBXFileReference; lastKnownFileType = sourcecode.c.objc; path = "UILabel+common.m"; sourceTree = "<group>"; };
/* End PBXFileReference section */

/* Begin PBXFrameworksBuildPhase section */
		00EDB720225B48440001AE6B /* Frameworks */ = {
			isa = PBXFrameworksBuildPhase;
			buildActionMask = 2147483647;
			files = (
			);
			runOnlyForDeploymentPostprocessing = 0;
		};
		00EDB738225B48460001AE6B /* Frameworks */ = {
			isa = PBXFrameworksBuildPhase;
			buildActionMask = 2147483647;
			files = (
			);
			runOnlyForDeploymentPostprocessing = 0;
		};
/* End PBXFrameworksBuildPhase section */

/* Begin PBXGroup section */
		00EDB71A225B48440001AE6B = {
			isa = PBXGroup;
			children = (
				00EDB725225B48440001AE6B /* DemoBM */,
				00EDB73E225B48460001AE6B /* DemoBMTests */,
				00EDB724225B48440001AE6B /* Products */,
			);
			sourceTree = "<group>";
		};
		00EDB724225B48440001AE6B /* Products */ = {
			isa = PBXGroup;
			children = (
				00EDB723225B48440001AE6B /* DemoBM.app */,
				00EDB73B225B48460001AE6B /* DemoBMTests.xctest */,
			);
			name = Products;
			sourceTree = "<group>";
		};
		00EDB725225B48440001AE6B /* DemoBM */ = {
			isa = PBXGroup;
			children = (
				00EDB765225CD50A0001AE6B /* AppDelegate */,
				00EDB764225CD2830001AE6B /* DataSources */,
				00EDB760225CD1B40001AE6B /* Helpers */,
				00EDB75F225CCD160001AE6B /* Storyboards */,
				00EDB75E225CCD000001AE6B /* Views */,
				00EDB75D225CCCFA0001AE6B /* Models */,
				00EDB75C225CCCEF0001AE6B /* ViewControllers */,
				00EDB72F225B48460001AE6B /* Assets.xcassets */,
				00EDB734225B48460001AE6B /* Info.plist */,
				00EDB735225B48460001AE6B /* main.m */,
			);
			path = DemoBM;
			sourceTree = "<group>";
		};
		00EDB73E225B48460001AE6B /* DemoBMTests */ = {
			isa = PBXGroup;
			children = (
				00EDB73F225B48460001AE6B /* DemoBMTests.m */,
				00EDB741225B48460001AE6B /* Info.plist */,
			);
			path = DemoBMTests;
			sourceTree = "<group>";
		};
		00EDB75C225CCCEF0001AE6B /* ViewControllers */ = {
			isa = PBXGroup;
			children = (
				00EDB729225B48440001AE6B /* TableViewController.h */,
				00EDB72A225B48440001AE6B /* TableViewController.m */,
				00EDB766225CD6080001AE6B /* CollectionViewController.h */,
				00EDB767225CD6080001AE6B /* CollectionViewController.m */,
				180B7425225F20C900C4F858 /* NewsDetailViewController.h */,
				180B7426225F20C900C4F858 /* NewsDetailViewController.m */,
				18FE18B32266C9F9005210AF /* ListNewsViewController.h */,
				18FE18B42266C9F9005210AF /* ListNewsViewController.m */,
			);
			path = ViewControllers;
			sourceTree = "<group>";
		};
		00EDB75D225CCCFA0001AE6B /* Models */ = {
			isa = PBXGroup;
			children = (
				00EDB753225C7B000001AE6B /* News.h */,
				00EDB754225C7B000001AE6B /* News.m */,
				18E72B1C225DFE1800500D01 /* Image.h */,
				18E72B1D225DFE1800500D01 /* Image.m */,
				18130C2E226086A400812E95 /* Body.h */,
				18130C2F226086A400812E95 /* Body.m */,
				18D66F01226577EC00CE3F67 /* Theme.h */,
				18D66F02226577EC00CE3F67 /* Theme.m */,
				18D66F0422657E5300CE3F67 /* AppLabel.h */,
				18D66F0522657E5300CE3F67 /* AppLabel.m */,
				18D66F072265808E00CE3F67 /* AppSubLabel.h */,
				18D66F082265808E00CE3F67 /* AppSubLabel.m */,
				18FE25A32265CF890089D370 /* UILabel+common.h */,
				18FE25A42265CF890089D370 /* UILabel+common.m */,
				180472A622682A8100A47C51 /* AppView.h */,
				180472A722682A8100A47C51 /* AppView.m */,
			);
			path = Models;
			sourceTree = "<group>";
		};
		00EDB75E225CCD000001AE6B /* Views */ = {
			isa = PBXGroup;
			children = (
				18FE18AF2266C4A0005210AF /* CustomViews */,
				18FE18AE2266C491005210AF /* TableViewCells */,
				00EDB769225CD6A10001AE6B /* CollectionCell */,
			);
			path = Views;
			sourceTree = "<group>";
		};
		00EDB75F225CCD160001AE6B /* Storyboards */ = {
			isa = PBXGroup;
			children = (
				00EDB72C225B48440001AE6B /* Main.storyboard */,
				00EDB731225B48460001AE6B /* LaunchScreen.storyboard */,
			);
			path = Storyboards;
			sourceTree = "<group>";
		};
		00EDB760225CD1B40001AE6B /* Helpers */ = {
			isa = PBXGroup;
			children = (
				00EDB761225CD1D60001AE6B /* FormatTime.h */,
				00EDB762225CD1D60001AE6B /* FormatTime.m */,
				18130C0E2260309E00812E95 /* FormatString.h */,
				18130C112260319600812E95 /* FormatString.m */,
				00EDB78522649E530001AE6B /* Constant.h */,
				00EDB78622649E530001AE6B /* Constant.m */,
			);
			path = Helpers;
			sourceTree = "<group>";
		};
		00EDB764225CD2830001AE6B /* DataSources */ = {
			isa = PBXGroup;
			children = (
				00EDB759225CBB4E0001AE6B /* DataSource.h */,
				00EDB75A225CBB4E0001AE6B /* DataSource.m */,
			);
			path = DataSources;
			sourceTree = "<group>";
		};
		00EDB765225CD50A0001AE6B /* AppDelegate */ = {
			isa = PBXGroup;
			children = (
				00EDB726225B48440001AE6B /* AppDelegate.h */,
				00EDB727225B48440001AE6B /* AppDelegate.m */,
			);
			path = AppDelegate;
			sourceTree = "<group>";
		};
		00EDB769225CD6A10001AE6B /* CollectionCell */ = {
			isa = PBXGroup;
			children = (
				00EDB76D225CD6D10001AE6B /* CollectionViewCell.h */,
				00EDB76E225CD6D10001AE6B /* CollectionViewCell.m */,
				00EDB76F225CD6D10001AE6B /* CollectionViewCell.xib */,
			);
			path = CollectionCell;
			sourceTree = "<group>";
		};
		00EDB772225CE1810001AE6B /* NormalNewsCell */ = {
			isa = PBXGroup;
			children = (
				00EDB74E225B931B0001AE6B /* CustomCell.h */,
				00EDB74F225B931B0001AE6B /* CustomCell.m */,
				00EDB750225B931B0001AE6B /* CustomCell.xib */,
			);
			path = NormalNewsCell;
			sourceTree = "<group>";
		};
		00EDB77F226497DF0001AE6B /* FBNewsCell */ = {
			isa = PBXGroup;
			children = (
				00EDB780226498110001AE6B /* FBNewsCell.h */,
				00EDB781226498110001AE6B /* FBNewsCell.m */,
				00EDB782226498110001AE6B /* FBNewsCell.xib */,
			);
			path = FBNewsCell;
			sourceTree = "<group>";
		};
		1804728E22671B3900A47C51 /* PhotoFourView */ = {
			isa = PBXGroup;
			children = (
				1804728F22671B8A00A47C51 /* PhotoFourView.xib */,
				1804729122671B9600A47C51 /* PhotoFourView.h */,
				1804729222671B9600A47C51 /* PhotoFourView.m */,
			);
			path = PhotoFourView;
			sourceTree = "<group>";
		};
		18047294226733B900A47C51 /* FeedFourImageNewsCell */ = {
			isa = PBXGroup;
			children = (
				18047295226733F300A47C51 /* FeedFourImageNewsCell.h */,
				18047296226733F300A47C51 /* FeedFourImageNewsCell.m */,
				18047297226733F300A47C51 /* FeedFourImageNewsCell.xib */,
			);
			path = FeedFourImageNewsCell;
			sourceTree = "<group>";
		};
		1804729A22674A9200A47C51 /* ArticleView */ = {
			isa = PBXGroup;
			children = (
				1804729B22674B0D00A47C51 /* ArticleView.xib */,
				1804729D22674B2C00A47C51 /* ArticleView.h */,
				1804729E22674B2C00A47C51 /* ArticleView.m */,
			);
			path = ArticleView;
			sourceTree = "<group>";
		};
		180472A02268144E00A47C51 /* FeedArticleNewsCell */ = {
			isa = PBXGroup;
			children = (
				180472A12268153D00A47C51 /* FeedArticleNewsCell.h */,
				180472A22268153D00A47C51 /* FeedArticleNewsCell.m */,
				180472A32268153D00A47C51 /* FeedArticleNewsCell.xib */,
			);
			path = FeedArticleNewsCell;
			sourceTree = "<group>";
		};
		180472A92268335500A47C51 /* PhotoDoubleView */ = {
			isa = PBXGroup;
			children = (
				180472AA2268344A00A47C51 /* PhotoDoubleView.xib */,
				180472AC2268347100A47C51 /* PhotoDoubleView.h */,
				180472AD2268347100A47C51 /* PhotoDoubleView.m */,
			);
			path = PhotoDoubleView;
			sourceTree = "<group>";
		};
		180472AF226835E400A47C51 /* FeedDoubleImageNewsCell */ = {
			isa = PBXGroup;
			children = (
				180472B02268361500A47C51 /* FeedDoubleImageNewsCell.h */,
				180472B12268361500A47C51 /* FeedDoubleImageNewsCell.m */,
				180472B22268361500A47C51 /* FeedDoubleImageNewsCell.xib */,
			);
			path = FeedDoubleImageNewsCell;
			sourceTree = "<group>";
		};
		180B741F225EDD1D00C4F858 /* HotNewsCell */ = {
			isa = PBXGroup;
			children = (
				180B7420225EDD6D00C4F858 /* HotNewsCell.h */,
				180B7421225EDD6D00C4F858 /* HotNewsCell.m */,
				180B7422225EDD6D00C4F858 /* HotNewsCell.xib */,
			);
			path = HotNewsCell;
			sourceTree = "<group>";
		};
		180B7428225F247F00C4F858 /* NewsDetailCell */ = {
			isa = PBXGroup;
			children = (
				18130C3122608BE500812E95 /* BodyCell */,
				18130C2822604EF400812E95 /* ContentCell */,
				18130C1F2260479800812E95 /* DescriptionCell */,
				18130C192260474A00812E95 /* ThumbailCell */,
				18130C132260435300812E95 /* PublisherCell */,
				18130C0822602B2600812E95 /* HeaderCell */,
			);
			path = NewsDetailCell;
			sourceTree = "<group>";
		};
		18130C0822602B2600812E95 /* HeaderCell */ = {
			isa = PBXGroup;
			children = (
				18130C0922602B4A00812E95 /* NewsDetailHeaderCell.h */,
				18130C0A22602B4A00812E95 /* NewsDetailHeaderCell.m */,
				18130C0B22602B4A00812E95 /* NewsDetailHeaderCell.xib */,
			);
			path = HeaderCell;
			sourceTree = "<group>";
		};
		18130C132260435300812E95 /* PublisherCell */ = {
			isa = PBXGroup;
			children = (
				18130C142260437000812E95 /* NewsDetailPublisherCell.h */,
				18130C152260437000812E95 /* NewsDetailPublisherCell.m */,
				18130C162260437000812E95 /* NewsDetailPublisherCell.xib */,
			);
			path = PublisherCell;
			sourceTree = "<group>";
		};
		18130C192260474A00812E95 /* ThumbailCell */ = {
			isa = PBXGroup;
			children = (
				18130C2322604C7000812E95 /* NewsDetailThumbnailCell.h */,
				18130C2422604C7000812E95 /* NewsDetailThumbnailCell.m */,
				18130C2522604C7000812E95 /* NewsDetailThumbnailCell.xib */,
			);
			path = ThumbailCell;
			sourceTree = "<group>";
		};
		18130C1F2260479800812E95 /* DescriptionCell */ = {
			isa = PBXGroup;
			children = (
				18130C1A2260479500812E95 /* NewsDetailDescriptionCell.h */,
				18130C1B2260479500812E95 /* NewsDetailDescriptionCell.m */,
				18130C1C2260479500812E95 /* NewsDetailDescriptionCell.xib */,
			);
			path = DescriptionCell;
			sourceTree = "<group>";
		};
		18130C2822604EF400812E95 /* ContentCell */ = {
			isa = PBXGroup;
			children = (
				18130C2922604F0B00812E95 /* NewsDetailContentCell.h */,
				18130C2A22604F0B00812E95 /* NewsDetailContentCell.m */,
				18130C2B22604F0B00812E95 /* NewsDetailContentCell.xib */,
			);
			path = ContentCell;
			sourceTree = "<group>";
		};
		18130C3122608BE500812E95 /* BodyCell */ = {
			isa = PBXGroup;
			children = (
				18130C3322608C0400812E95 /* BodyImageCell */,
				18130C3222608BFB00812E95 /* BodyTextCell */,
			);
			path = BodyCell;
			sourceTree = "<group>";
		};
		18130C3222608BFB00812E95 /* BodyTextCell */ = {
			isa = PBXGroup;
			children = (
				18130C3722608C3100812E95 /* BodyTextCell.h */,
				18130C3822608C3100812E95 /* BodyTextCell.m */,
				18130C3922608C3100812E95 /* BodyTextCell.xib */,
			);
			path = BodyTextCell;
			sourceTree = "<group>";
		};
		18130C3322608C0400812E95 /* BodyImageCell */ = {
			isa = PBXGroup;
			children = (
				18130C3C22608C4200812E95 /* BodyImageCell.h */,
				18130C3D22608C4200812E95 /* BodyImageCell.m */,
				18130C3E22608C4200812E95 /* BodyImageCell.xib */,
			);
			path = BodyImageCell;
			sourceTree = "<group>";
		};
		18E72B13225DD38C00500D01 /* MultiImageCell */ = {
			isa = PBXGroup;
			children = (
				18E72B17225DDFCB00500D01 /* TableMultiImageCell.h */,
				18E72B18225DDFCB00500D01 /* TableMultiImageCell.m */,
				18E72B19225DDFCB00500D01 /* TableMultiImageCell.xib */,
			);
			path = MultiImageCell;
			sourceTree = "<group>";
		};
		18FE18AE2266C491005210AF /* TableViewCells */ = {
			isa = PBXGroup;
			children = (
				180472AF226835E400A47C51 /* FeedDoubleImageNewsCell */,
				180472A02268144E00A47C51 /* FeedArticleNewsCell */,
				18047294226733B900A47C51 /* FeedFourImageNewsCell */,
				18FE18CE2266DF5E005210AF /* FeedSingleImageNewsCell */,
				00EDB77F226497DF0001AE6B /* FBNewsCell */,
				180B7428225F247F00C4F858 /* NewsDetailCell */,
				180B741F225EDD1D00C4F858 /* HotNewsCell */,
				18E72B13225DD38C00500D01 /* MultiImageCell */,
				00EDB772225CE1810001AE6B /* NormalNewsCell */,
			);
			path = TableViewCells;
			sourceTree = "<group>";
		};
		18FE18AF2266C4A0005210AF /* CustomViews */ = {
			isa = PBXGroup;
			children = (
				180472A92268335500A47C51 /* PhotoDoubleView */,
				1804729A22674A9200A47C51 /* ArticleView */,
				1804728E22671B3900A47C51 /* PhotoFourView */,
				18FE18D422671338005210AF /* FooterNewsView */,
				18FE18C82266DE1A005210AF /* PhotoSingleView */,
				18FE18C22266D5E3005210AF /* TitleDescriptionView */,
				18FE18C02266D588005210AF /* HeaderPublisherView */,
			);
			path = CustomViews;
			sourceTree = "<group>";
		};
		18FE18C02266D588005210AF /* HeaderPublisherView */ = {
			isa = PBXGroup;
			children = (
				18FE18BB2266CD89005210AF /* HeaderPublisherView.xib */,
				18FE18BD2266CDA3005210AF /* HeaderPublisherView.h */,
				18FE18BE2266CDA3005210AF /* HeaderPublisherView.m */,
			);
			path = HeaderPublisherView;
			sourceTree = "<group>";
		};
		18FE18C22266D5E3005210AF /* TitleDescriptionView */ = {
			isa = PBXGroup;
			children = (
				18FE18C32266D634005210AF /* TitleDescriptionView.h */,
				18FE18C42266D634005210AF /* TitleDescriptionView.m */,
				18FE18C62266D70C005210AF /* TitleDescriptionView.xib */,
			);
			path = TitleDescriptionView;
			sourceTree = "<group>";
		};
		18FE18C82266DE1A005210AF /* PhotoSingleView */ = {
			isa = PBXGroup;
			children = (
				18FE18C92266DE2F005210AF /* PhotoSingleView.xib */,
				18FE18CB2266DE3B005210AF /* PhotoSingleView.h */,
				18FE18CC2266DE3B005210AF /* PhotoSingleView.m */,
			);
			path = PhotoSingleView;
			sourceTree = "<group>";
		};
		18FE18CE2266DF5E005210AF /* FeedSingleImageNewsCell */ = {
			isa = PBXGroup;
			children = (
				18FE18CF2266DF74005210AF /* FeedSingleImageNewsCell.h */,
				18FE18D02266DF74005210AF /* FeedSingleImageNewsCell.m */,
				18FE18D12266DF74005210AF /* FeedSingleImageNewsCell.xib */,
			);
			path = FeedSingleImageNewsCell;
			sourceTree = "<group>";
		};
		18FE18D422671338005210AF /* FooterNewsView */ = {
			isa = PBXGroup;
			children = (
				18FE18D522671377005210AF /* FooterNewsView.h */,
				18FE18D622671377005210AF /* FooterNewsView.m */,
				18FE18D82267137E005210AF /* FooterNewsView.xib */,
			);
			path = FooterNewsView;
			sourceTree = "<group>";
		};
/* End PBXGroup section */

/* Begin PBXNativeTarget section */
		00EDB722225B48440001AE6B /* DemoBM */ = {
			isa = PBXNativeTarget;
			buildConfigurationList = 00EDB744225B48460001AE6B /* Build configuration list for PBXNativeTarget "DemoBM" */;
			buildPhases = (
				00EDB71F225B48440001AE6B /* Sources */,
				00EDB720225B48440001AE6B /* Frameworks */,
				00EDB721225B48440001AE6B /* Resources */,
			);
			buildRules = (
			);
			dependencies = (
			);
			name = DemoBM;
			productName = DemoBM;
			productReference = 00EDB723225B48440001AE6B /* DemoBM.app */;
			productType = "com.apple.product-type.application";
		};
		00EDB73A225B48460001AE6B /* DemoBMTests */ = {
			isa = PBXNativeTarget;
			buildConfigurationList = 00EDB747225B48460001AE6B /* Build configuration list for PBXNativeTarget "DemoBMTests" */;
			buildPhases = (
				00EDB737225B48460001AE6B /* Sources */,
				00EDB738225B48460001AE6B /* Frameworks */,
				00EDB739225B48460001AE6B /* Resources */,
			);
			buildRules = (
			);
			dependencies = (
				00EDB73D225B48460001AE6B /* PBXTargetDependency */,
			);
			name = DemoBMTests;
			productName = DemoBMTests;
			productReference = 00EDB73B225B48460001AE6B /* DemoBMTests.xctest */;
			productType = "com.apple.product-type.bundle.unit-test";
		};
/* End PBXNativeTarget section */

/* Begin PBXProject section */
		00EDB71B225B48440001AE6B /* Project object */ = {
			isa = PBXProject;
			attributes = {
				LastUpgradeCheck = 1020;
				ORGANIZATIONNAME = "Khanh Hung Nguyen";
				TargetAttributes = {
					00EDB722225B48440001AE6B = {
						CreatedOnToolsVersion = 10.2;
					};
					00EDB73A225B48460001AE6B = {
						CreatedOnToolsVersion = 10.2;
						TestTargetID = 00EDB722225B48440001AE6B;
					};
				};
			};
			buildConfigurationList = 00EDB71E225B48440001AE6B /* Build configuration list for PBXProject "DemoBM" */;
			compatibilityVersion = "Xcode 9.3";
			developmentRegion = en;
			hasScannedForEncodings = 0;
			knownRegions = (
				en,
				Base,
			);
			mainGroup = 00EDB71A225B48440001AE6B;
			productRefGroup = 00EDB724225B48440001AE6B /* Products */;
			projectDirPath = "";
			projectRoot = "";
			targets = (
				00EDB722225B48440001AE6B /* DemoBM */,
				00EDB73A225B48460001AE6B /* DemoBMTests */,
			);
		};
/* End PBXProject section */

/* Begin PBXResourcesBuildPhase section */
		00EDB721225B48440001AE6B /* Resources */ = {
			isa = PBXResourcesBuildPhase;
			buildActionMask = 2147483647;
			files = (
				180472AB2268344A00A47C51 /* PhotoDoubleView.xib in Resources */,
				18E72B1B225DDFCB00500D01 /* TableMultiImageCell.xib in Resources */,
				18130C1E2260479500812E95 /* NewsDetailDescriptionCell.xib in Resources */,
				18130C2D22604F0B00812E95 /* NewsDetailContentCell.xib in Resources */,
				18FE18C72266D70C005210AF /* TitleDescriptionView.xib in Resources */,
				18047299226733F300A47C51 /* FeedFourImageNewsCell.xib in Resources */,
				1804729C22674B0D00A47C51 /* ArticleView.xib in Resources */,
				18130C0D22602B4A00812E95 /* NewsDetailHeaderCell.xib in Resources */,
				18130C182260437000812E95 /* NewsDetailPublisherCell.xib in Resources */,
				18FE18D92267137E005210AF /* FooterNewsView.xib in Resources */,
				18130C2722604C7000812E95 /* NewsDetailThumbnailCell.xib in Resources */,
				00EDB733225B48460001AE6B /* LaunchScreen.storyboard in Resources */,
				00EDB784226498110001AE6B /* FBNewsCell.xib in Resources */,
				18FE18CA2266DE2F005210AF /* PhotoSingleView.xib in Resources */,
				00EDB730225B48460001AE6B /* Assets.xcassets in Resources */,
				00EDB752225B931B0001AE6B /* CustomCell.xib in Resources */,
				1804729022671B8A00A47C51 /* PhotoFourView.xib in Resources */,
				18FE18BC2266CD89005210AF /* HeaderPublisherView.xib in Resources */,
				18FE18D32266DF74005210AF /* FeedSingleImageNewsCell.xib in Resources */,
				00EDB72E225B48440001AE6B /* Main.storyboard in Resources */,
				180B7424225EDD6D00C4F858 /* HotNewsCell.xib in Resources */,
				18130C4022608C4200812E95 /* BodyImageCell.xib in Resources */,
				180472A52268153D00A47C51 /* FeedArticleNewsCell.xib in Resources */,
				180472B42268361500A47C51 /* FeedDoubleImageNewsCell.xib in Resources */,
				00EDB771225CD6D10001AE6B /* CollectionViewCell.xib in Resources */,
				18130C3B22608C3100812E95 /* BodyTextCell.xib in Resources */,
			);
			runOnlyForDeploymentPostprocessing = 0;
		};
		00EDB739225B48460001AE6B /* Resources */ = {
			isa = PBXResourcesBuildPhase;
			buildActionMask = 2147483647;
			files = (
			);
			runOnlyForDeploymentPostprocessing = 0;
		};
/* End PBXResourcesBuildPhase section */

/* Begin PBXSourcesBuildPhase section */
		00EDB71F225B48440001AE6B /* Sources */ = {
			isa = PBXSourcesBuildPhase;
			buildActionMask = 2147483647;
			files = (
				18FE18D722671377005210AF /* FooterNewsView.m in Sources */,
				18130C172260437000812E95 /* NewsDetailPublisherCell.m in Sources */,
				18E72B1E225DFE1800500D01 /* Image.m in Sources */,
				180472A822682A8100A47C51 /* AppView.m in Sources */,
				180472A42268153D00A47C51 /* FeedArticleNewsCell.m in Sources */,
				180472B32268361500A47C51 /* FeedDoubleImageNewsCell.m in Sources */,
				18130C1D2260479500812E95 /* NewsDetailDescriptionCell.m in Sources */,
				18FE18C52266D634005210AF /* TitleDescriptionView.m in Sources */,
				18FE18D22266DF74005210AF /* FeedSingleImageNewsCell.m in Sources */,
				00EDB768225CD6080001AE6B /* CollectionViewController.m in Sources */,
				00EDB755225C7B000001AE6B /* News.m in Sources */,
				18E72B1A225DDFCB00500D01 /* TableMultiImageCell.m in Sources */,
				180B7423225EDD6D00C4F858 /* HotNewsCell.m in Sources */,
				00EDB78722649E530001AE6B /* Constant.m in Sources */,
				18130C2622604C7000812E95 /* NewsDetailThumbnailCell.m in Sources */,
				1804729322671B9600A47C51 /* PhotoFourView.m in Sources */,
				18130C2C22604F0B00812E95 /* NewsDetailContentCell.m in Sources */,
				00EDB72B225B48440001AE6B /* TableViewController.m in Sources */,
				00EDB770225CD6D10001AE6B /* CollectionViewCell.m in Sources */,
				18D66F0622657E5300CE3F67 /* AppLabel.m in Sources */,
				00EDB75B225CBB4E0001AE6B /* DataSource.m in Sources */,
				180472AE2268347100A47C51 /* PhotoDoubleView.m in Sources */,
				18FE25A52265CF890089D370 /* UILabel+common.m in Sources */,
				00EDB736225B48460001AE6B /* main.m in Sources */,
				1804729F22674B2C00A47C51 /* ArticleView.m in Sources */,
				00EDB751225B931B0001AE6B /* CustomCell.m in Sources */,
				18130C0C22602B4A00812E95 /* NewsDetailHeaderCell.m in Sources */,
				18FE18CD2266DE3B005210AF /* PhotoSingleView.m in Sources */,
				00EDB783226498110001AE6B /* FBNewsCell.m in Sources */,
				18130C30226086A400812E95 /* Body.m in Sources */,
				18D66F03226577EC00CE3F67 /* Theme.m in Sources */,
				18130C122260319600812E95 /* FormatString.m in Sources */,
				18FE18BF2266CDA3005210AF /* HeaderPublisherView.m in Sources */,
				00EDB763225CD1D60001AE6B /* FormatTime.m in Sources */,
				18D66F092265808E00CE3F67 /* AppSubLabel.m in Sources */,
				18047298226733F300A47C51 /* FeedFourImageNewsCell.m in Sources */,
				00EDB728225B48440001AE6B /* AppDelegate.m in Sources */,
				180B7427225F20C900C4F858 /* NewsDetailViewController.m in Sources */,
				18130C3A22608C3100812E95 /* BodyTextCell.m in Sources */,
				18130C3F22608C4200812E95 /* BodyImageCell.m in Sources */,
				18FE18B52266C9F9005210AF /* ListNewsViewController.m in Sources */,
			);
			runOnlyForDeploymentPostprocessing = 0;
		};
		00EDB737225B48460001AE6B /* Sources */ = {
			isa = PBXSourcesBuildPhase;
			buildActionMask = 2147483647;
			files = (
				00EDB740225B48460001AE6B /* DemoBMTests.m in Sources */,
			);
			runOnlyForDeploymentPostprocessing = 0;
		};
/* End PBXSourcesBuildPhase section */

/* Begin PBXTargetDependency section */
		00EDB73D225B48460001AE6B /* PBXTargetDependency */ = {
			isa = PBXTargetDependency;
			target = 00EDB722225B48440001AE6B /* DemoBM */;
			targetProxy = 00EDB73C225B48460001AE6B /* PBXContainerItemProxy */;
		};
/* End PBXTargetDependency section */

/* Begin PBXVariantGroup section */
		00EDB72C225B48440001AE6B /* Main.storyboard */ = {
			isa = PBXVariantGroup;
			children = (
				00EDB72D225B48440001AE6B /* Base */,
			);
			name = Main.storyboard;
			sourceTree = "<group>";
		};
		00EDB731225B48460001AE6B /* LaunchScreen.storyboard */ = {
			isa = PBXVariantGroup;
			children = (
				00EDB732225B48460001AE6B /* Base */,
			);
			name = LaunchScreen.storyboard;
			sourceTree = "<group>";
		};
/* End PBXVariantGroup section */

/* Begin XCBuildConfiguration section */
		00EDB742225B48460001AE6B /* Debug */ = {
			isa = XCBuildConfiguration;
			buildSettings = {
				ALWAYS_SEARCH_USER_PATHS = NO;
				CLANG_ANALYZER_NONNULL = YES;
				CLANG_ANALYZER_NUMBER_OBJECT_CONVERSION = YES_AGGRESSIVE;
				CLANG_CXX_LANGUAGE_STANDARD = "gnu++14";
				CLANG_CXX_LIBRARY = "libc++";
				CLANG_ENABLE_MODULES = YES;
				CLANG_ENABLE_OBJC_ARC = YES;
				CLANG_ENABLE_OBJC_WEAK = YES;
				CLANG_WARN_BLOCK_CAPTURE_AUTORELEASING = YES;
				CLANG_WARN_BOOL_CONVERSION = YES;
				CLANG_WARN_COMMA = YES;
				CLANG_WARN_CONSTANT_CONVERSION = YES;
				CLANG_WARN_DEPRECATED_OBJC_IMPLEMENTATIONS = YES;
				CLANG_WARN_DIRECT_OBJC_ISA_USAGE = YES_ERROR;
				CLANG_WARN_DOCUMENTATION_COMMENTS = YES;
				CLANG_WARN_EMPTY_BODY = YES;
				CLANG_WARN_ENUM_CONVERSION = YES;
				CLANG_WARN_INFINITE_RECURSION = YES;
				CLANG_WARN_INT_CONVERSION = YES;
				CLANG_WARN_NON_LITERAL_NULL_CONVERSION = YES;
				CLANG_WARN_OBJC_IMPLICIT_RETAIN_SELF = YES;
				CLANG_WARN_OBJC_LITERAL_CONVERSION = YES;
				CLANG_WARN_OBJC_ROOT_CLASS = YES_ERROR;
				CLANG_WARN_RANGE_LOOP_ANALYSIS = YES;
				CLANG_WARN_STRICT_PROTOTYPES = YES;
				CLANG_WARN_SUSPICIOUS_MOVE = YES;
				CLANG_WARN_UNGUARDED_AVAILABILITY = YES_AGGRESSIVE;
				CLANG_WARN_UNREACHABLE_CODE = YES;
				CLANG_WARN__DUPLICATE_METHOD_MATCH = YES;
				CODE_SIGN_IDENTITY = "iPhone Developer";
				COPY_PHASE_STRIP = NO;
				DEBUG_INFORMATION_FORMAT = dwarf;
				ENABLE_STRICT_OBJC_MSGSEND = YES;
				ENABLE_TESTABILITY = YES;
				GCC_C_LANGUAGE_STANDARD = gnu11;
				GCC_DYNAMIC_NO_PIC = NO;
				GCC_NO_COMMON_BLOCKS = YES;
				GCC_OPTIMIZATION_LEVEL = 0;
				GCC_PREPROCESSOR_DEFINITIONS = (
					"DEBUG=1",
					"$(inherited)",
				);
				GCC_WARN_64_TO_32_BIT_CONVERSION = YES;
				GCC_WARN_ABOUT_RETURN_TYPE = YES_ERROR;
				GCC_WARN_UNDECLARED_SELECTOR = YES;
				GCC_WARN_UNINITIALIZED_AUTOS = YES_AGGRESSIVE;
				GCC_WARN_UNUSED_FUNCTION = YES;
				GCC_WARN_UNUSED_VARIABLE = YES;
				IPHONEOS_DEPLOYMENT_TARGET = 12.2;
				MTL_ENABLE_DEBUG_INFO = INCLUDE_SOURCE;
				MTL_FAST_MATH = YES;
				ONLY_ACTIVE_ARCH = YES;
				SDKROOT = iphoneos;
			};
			name = Debug;
		};
		00EDB743225B48460001AE6B /* Release */ = {
			isa = XCBuildConfiguration;
			buildSettings = {
				ALWAYS_SEARCH_USER_PATHS = NO;
				CLANG_ANALYZER_NONNULL = YES;
				CLANG_ANALYZER_NUMBER_OBJECT_CONVERSION = YES_AGGRESSIVE;
				CLANG_CXX_LANGUAGE_STANDARD = "gnu++14";
				CLANG_CXX_LIBRARY = "libc++";
				CLANG_ENABLE_MODULES = YES;
				CLANG_ENABLE_OBJC_ARC = YES;
				CLANG_ENABLE_OBJC_WEAK = YES;
				CLANG_WARN_BLOCK_CAPTURE_AUTORELEASING = YES;
				CLANG_WARN_BOOL_CONVERSION = YES;
				CLANG_WARN_COMMA = YES;
				CLANG_WARN_CONSTANT_CONVERSION = YES;
				CLANG_WARN_DEPRECATED_OBJC_IMPLEMENTATIONS = YES;
				CLANG_WARN_DIRECT_OBJC_ISA_USAGE = YES_ERROR;
				CLANG_WARN_DOCUMENTATION_COMMENTS = YES;
				CLANG_WARN_EMPTY_BODY = YES;
				CLANG_WARN_ENUM_CONVERSION = YES;
				CLANG_WARN_INFINITE_RECURSION = YES;
				CLANG_WARN_INT_CONVERSION = YES;
				CLANG_WARN_NON_LITERAL_NULL_CONVERSION = YES;
				CLANG_WARN_OBJC_IMPLICIT_RETAIN_SELF = YES;
				CLANG_WARN_OBJC_LITERAL_CONVERSION = YES;
				CLANG_WARN_OBJC_ROOT_CLASS = YES_ERROR;
				CLANG_WARN_RANGE_LOOP_ANALYSIS = YES;
				CLANG_WARN_STRICT_PROTOTYPES = YES;
				CLANG_WARN_SUSPICIOUS_MOVE = YES;
				CLANG_WARN_UNGUARDED_AVAILABILITY = YES_AGGRESSIVE;
				CLANG_WARN_UNREACHABLE_CODE = YES;
				CLANG_WARN__DUPLICATE_METHOD_MATCH = YES;
				CODE_SIGN_IDENTITY = "iPhone Developer";
				COPY_PHASE_STRIP = NO;
				DEBUG_INFORMATION_FORMAT = "dwarf-with-dsym";
				ENABLE_NS_ASSERTIONS = NO;
				ENABLE_STRICT_OBJC_MSGSEND = YES;
				GCC_C_LANGUAGE_STANDARD = gnu11;
				GCC_NO_COMMON_BLOCKS = YES;
				GCC_WARN_64_TO_32_BIT_CONVERSION = YES;
				GCC_WARN_ABOUT_RETURN_TYPE = YES_ERROR;
				GCC_WARN_UNDECLARED_SELECTOR = YES;
				GCC_WARN_UNINITIALIZED_AUTOS = YES_AGGRESSIVE;
				GCC_WARN_UNUSED_FUNCTION = YES;
				GCC_WARN_UNUSED_VARIABLE = YES;
				IPHONEOS_DEPLOYMENT_TARGET = 12.2;
				MTL_ENABLE_DEBUG_INFO = NO;
				MTL_FAST_MATH = YES;
				SDKROOT = iphoneos;
				VALIDATE_PRODUCT = YES;
			};
			name = Release;
		};
		00EDB745225B48460001AE6B /* Debug */ = {
			isa = XCBuildConfiguration;
			buildSettings = {
				ASSETCATALOG_COMPILER_APPICON_NAME = AppIcon;
				CODE_SIGN_IDENTITY = "iPhone Developer";
				CODE_SIGN_STYLE = Automatic;
				DEVELOPMENT_TEAM = 958P9KJ6VB;
				INFOPLIST_FILE = DemoBM/Info.plist;
				LD_RUNPATH_SEARCH_PATHS = (
					"$(inherited)",
					"@executable_path/Frameworks",
				);
				PRODUCT_BUNDLE_IDENTIFIER = demoBM123;
				PRODUCT_NAME = "$(TARGET_NAME)";
				PROVISIONING_PROFILE_SPECIFIER = "";
				TARGETED_DEVICE_FAMILY = "1,2";
			};
			name = Debug;
		};
		00EDB746225B48460001AE6B /* Release */ = {
			isa = XCBuildConfiguration;
			buildSettings = {
				ASSETCATALOG_COMPILER_APPICON_NAME = AppIcon;
				CODE_SIGN_IDENTITY = "iPhone Developer";
				CODE_SIGN_STYLE = Automatic;
				DEVELOPMENT_TEAM = 958P9KJ6VB;
				INFOPLIST_FILE = DemoBM/Info.plist;
				LD_RUNPATH_SEARCH_PATHS = (
					"$(inherited)",
					"@executable_path/Frameworks",
				);
				PRODUCT_BUNDLE_IDENTIFIER = demoBM123;
				PRODUCT_NAME = "$(TARGET_NAME)";
				PROVISIONING_PROFILE_SPECIFIER = "";
				TARGETED_DEVICE_FAMILY = "1,2";
			};
			name = Release;
		};
		00EDB748225B48460001AE6B /* Debug */ = {
			isa = XCBuildConfiguration;
			buildSettings = {
				BUNDLE_LOADER = "$(TEST_HOST)";
				CODE_SIGN_STYLE = Automatic;
				INFOPLIST_FILE = DemoBMTests/Info.plist;
				LD_RUNPATH_SEARCH_PATHS = (
					"$(inherited)",
					"@executable_path/Frameworks",
					"@loader_path/Frameworks",
				);
				PRODUCT_BUNDLE_IDENTIFIER = TodayOKR.DemoBMTests;
				PRODUCT_NAME = "$(TARGET_NAME)";
				TARGETED_DEVICE_FAMILY = "1,2";
				TEST_HOST = "$(BUILT_PRODUCTS_DIR)/DemoBM.app/DemoBM";
			};
			name = Debug;
		};
		00EDB749225B48460001AE6B /* Release */ = {
			isa = XCBuildConfiguration;
			buildSettings = {
				BUNDLE_LOADER = "$(TEST_HOST)";
				CODE_SIGN_STYLE = Automatic;
				INFOPLIST_FILE = DemoBMTests/Info.plist;
				LD_RUNPATH_SEARCH_PATHS = (
					"$(inherited)",
					"@executable_path/Frameworks",
					"@loader_path/Frameworks",
				);
				PRODUCT_BUNDLE_IDENTIFIER = TodayOKR.DemoBMTests;
				PRODUCT_NAME = "$(TARGET_NAME)";
				TARGETED_DEVICE_FAMILY = "1,2";
				TEST_HOST = "$(BUILT_PRODUCTS_DIR)/DemoBM.app/DemoBM";
			};
			name = Release;
		};
/* End XCBuildConfiguration section */

/* Begin XCConfigurationList section */
		00EDB71E225B48440001AE6B /* Build configuration list for PBXProject "DemoBM" */ = {
			isa = XCConfigurationList;
			buildConfigurations = (
				00EDB742225B48460001AE6B /* Debug */,
				00EDB743225B48460001AE6B /* Release */,
			);
			defaultConfigurationIsVisible = 0;
			defaultConfigurationName = Release;
		};
		00EDB744225B48460001AE6B /* Build configuration list for PBXNativeTarget "DemoBM" */ = {
			isa = XCConfigurationList;
			buildConfigurations = (
				00EDB745225B48460001AE6B /* Debug */,
				00EDB746225B48460001AE6B /* Release */,
			);
			defaultConfigurationIsVisible = 0;
			defaultConfigurationName = Release;
		};
		00EDB747225B48460001AE6B /* Build configuration list for PBXNativeTarget "DemoBMTests" */ = {
			isa = XCConfigurationList;
			buildConfigurations = (
				00EDB748225B48460001AE6B /* Debug */,
				00EDB749225B48460001AE6B /* Release */,
			);
			defaultConfigurationIsVisible = 0;
			defaultConfigurationName = Release;
		};
/* End XCConfigurationList section */
	};
	rootObject = 00EDB71B225B48440001AE6B /* Project object */;
}
